# This file was autogenerated by Stack.
# You should not edit this file by hand.
# For more information, please see the documentation at:
#   https://docs.haskellstack.org/en/stable/topics/lock_files

packages:
- completed:
    commit: f3c2b1e461a37e7ff88d795379edd7386bfa8557
    git: https://github.com/flipstone/henforcer.git
    name: henforcer
    pantry-tree:
      sha256: dc3b168bb8543f8fbbf67df70c77b9ced838e0d133968fe03aa9b3e7cd222f1b
      size: 4250
    version: 1.0.0.0
  original:
    commit: f3c2b1e461a37e7ff88d795379edd7386bfa8557
    git: https://github.com/flipstone/henforcer.git
- completed:
    hackage: pollock-0.1.0.3@sha256:0c245280f8b7813357c14663b2ab456e3c3998cd6beb2d5cca53741ca9589285,3969
    pantry-tree:
      sha256: 88b5bcf2aecd3e3768d5813b80dab7b2d5c19b9a73e6760aec247a6fd19c6ecf
      size: 1182
  original:
    hackage: pollock-0.1.0.3
snapshots:
- completed:
    sha256: e51a16b6e1d33a34f2fee69062b5d822fbb5a0ca1ecc4673b1fb82d804fdc965
    size: 620698
    url: https://raw.githubusercontent.com/commercialhaskell/stackage-snapshots/master/nightly/2025/1/1.yaml
  original: nightly-2025-01-01
