# This file was autogenerated by Stack.
# You should not edit this file by hand.
# For more information, please see the documentation at:
#   https://docs.haskellstack.org/en/stable/topics/lock_files

packages:
- completed:
    commit: f3c2b1e461a37e7ff88d795379edd7386bfa8557
    git: https://github.com/flipstone/henforcer.git
    name: henforcer
    pantry-tree:
      sha256: dc3b168bb8543f8fbbf67df70c77b9ced838e0d133968fe03aa9b3e7cd222f1b
      size: 4250
    version: 1.0.0.0
  original:
    commit: f3c2b1e461a37e7ff88d795379edd7386bfa8557
    git: https://github.com/flipstone/henforcer.git
- completed:
    hackage: pollock-0.1.0.3@sha256:0c245280f8b7813357c14663b2ab456e3c3998cd6beb2d5cca53741ca9589285,3969
    pantry-tree:
      sha256: 88b5bcf2aecd3e3768d5813b80dab7b2d5c19b9a73e6760aec247a6fd19c6ecf
      size: 1182
  original:
    hackage: pollock-0.1.0.3
- completed:
    hackage: tomland-1.3.3.3@sha256:5a1883fbe1a59bc3e70b3058ca2e1d0fa4add0727f1f3154fbb2f69339fd9429,9404
    pantry-tree:
      sha256: 0cb3d9f13b2fe45c2f87331aaa5fcc9ce74e1be50f48a70eeb98556de61c72db
      size: 6430
  original:
    hackage: tomland-1.3.3.3
- completed:
    hackage: validation-selective-0.2.0.0@sha256:3fb7836ae5c8be1b41a69f31944c3a8dcf1b8d934ceb68b4989bc55aaad39316,3917
    pantry-tree:
      sha256: e3526138fffe9a7c59b1903376689f94f1ea9c87771ab6408f8bf9f89aef2663
      size: 697
  original:
    hackage: validation-selective-0.2.0.0
snapshots:
- completed:
    sha256: 6c5aeace2ca5ecde793a9e0acfaa730ec8f384aa2f6183a2a252f5f9ec55d623
    size: 720039
    url: https://raw.githubusercontent.com/commercialhaskell/stackage-snapshots/master/lts/22/39.yaml
  original: lts-22.39
